
Microsoft Visual Studio Solution File, Format Version 12.00
# Visual Studio Version 17
VisualStudioVersion = 17.14.36518.9
MinimumVisualStudioVersion = 10.0.40219.1
Project("{00D1A9C2-B5F0-4AF3-8072-F6C62B433612}") = "DBChecador", "DBChecador\DBChecador.sqlproj", "{C03FCA74-7AF4-4A40-8A9C-EB7B01429466}"
EndProject
Project("{FAE04EC0-301F-11D3-BF4B-00C04F79EFBC}") = "SendMailChecador", "SendMailChecador\SendMailChecador.csproj", "{7A3EAC7A-851F-41EE-88CF-99A2D51D979E}"
EndProject
Project("{E24C65DC-7377-472B-9ABA-BC803B73C61A}") = "checador", "checador\", "{397171B7-6431-EAC6-7EE5-8DE9E8E98BE5}"
	ProjectSection(WebsiteProperties) = preProject
		TargetFrameworkMoniker = ".NETFramework,Version%3Dv4.7.2"
		Debug.AspNetCompiler.VirtualPath = "/localhost_33546"
		Debug.AspNetCompiler.PhysicalPath = "checador\"
		Debug.AspNetCompiler.TargetPath = "PrecompiledWeb\localhost_33546\"
		Debug.AspNetCompiler.Updateable = "true"
		Debug.AspNetCompiler.ForceOverwrite = "true"
		Debug.AspNetCompiler.FixedNames = "false"
		Debug.AspNetCompiler.Debug = "True"
		Release.AspNetCompiler.VirtualPath = "/localhost_33546"
		Release.AspNetCompiler.PhysicalPath = "checador\"
		Release.AspNetCompiler.TargetPath = "PrecompiledWeb\localhost_33546\"
		Release.AspNetCompiler.Updateable = "true"
		Release.AspNetCompiler.ForceOverwrite = "true"
		Release.AspNetCompiler.FixedNames = "false"
		Release.AspNetCompiler.Debug = "False"
		VWDPort = "33546"
		SlnRelativePath = "checador\"
	EndProjectSection
EndProject
Global
	GlobalSection(SolutionConfigurationPlatforms) = preSolution
		Debug|Any CPU = Debug|Any CPU
		Release|Any CPU = Release|Any CPU
	EndGlobalSection
	GlobalSection(ProjectConfigurationPlatforms) = postSolution
		{C03FCA74-7AF4-4A40-8A9C-EB7B01429466}.Debug|Any CPU.ActiveCfg = Debug|Any CPU
		{C03FCA74-7AF4-4A40-8A9C-EB7B01429466}.Debug|Any CPU.Build.0 = Debug|Any CPU
		{C03FCA74-7AF4-4A40-8A9C-EB7B01429466}.Debug|Any CPU.Deploy.0 = Debug|Any CPU
		{C03FCA74-7AF4-4A40-8A9C-EB7B01429466}.Release|Any CPU.ActiveCfg = Release|Any CPU
		{C03FCA74-7AF4-4A40-8A9C-EB7B01429466}.Release|Any CPU.Build.0 = Release|Any CPU
		{C03FCA74-7AF4-4A40-8A9C-EB7B01429466}.Release|Any CPU.Deploy.0 = Release|Any CPU
		{7A3EAC7A-851F-41EE-88CF-99A2D51D979E}.Debug|Any CPU.ActiveCfg = Debug|Any CPU
		{7A3EAC7A-851F-41EE-88CF-99A2D51D979E}.Debug|Any CPU.Build.0 = Debug|Any CPU
		{7A3EAC7A-851F-41EE-88CF-99A2D51D979E}.Release|Any CPU.ActiveCfg = Release|Any CPU
		{7A3EAC7A-851F-41EE-88CF-99A2D51D979E}.Release|Any CPU.Build.0 = Release|Any CPU
		{397171B7-6431-EAC6-7EE5-8DE9E8E98BE5}.Debug|Any CPU.ActiveCfg = Debug|Any CPU
		{397171B7-6431-EAC6-7EE5-8DE9E8E98BE5}.Debug|Any CPU.Build.0 = Debug|Any CPU
		{397171B7-6431-EAC6-7EE5-8DE9E8E98BE5}.Release|Any CPU.ActiveCfg = Debug|Any CPU
		{397171B7-6431-EAC6-7EE5-8DE9E8E98BE5}.Release|Any CPU.Build.0 = Debug|Any CPU
	EndGlobalSection
	GlobalSection(SolutionProperties) = preSolution
		HideSolutionNode = FALSE
	EndGlobalSection
	GlobalSection(ExtensibilityGlobals) = postSolution
		SolutionGuid = {E63E9168-8974-4098-B578-082F7FACAD96}
	EndGlobalSection
EndGlobal
